Microsoft Visual Studio Solution File, Format Version 12.00
# Visual Studio Version 17
VisualStudioVersion = 17.5.2.0
MinimumVisualStudioVersion = 10.0.40219.1
Project("{2150E333-8FDC-42A3-9474-1A3956D46DE8}") = "tests", "tests", "{0AB3BF05-4346-4AA6-1389-037BE0695223}"
EndProject
Project("{2150E333-8FDC-42A3-9474-1A3956D46DE8}") = "fixtures", "fixtures", "{F12727AA-ABEF-07AF-E6F0-CD96E3D9A8AF}"
EndProject
Project("{FAE04EC0-301F-11D3-BF4B-00C04F79EFBC}") = "test_dotnet", "tests\fixtures\dotnet_signal\test_dotnet.csproj", "{34D751BD-77E1-D793-B992-AD671B147B99}"
EndProject
Global
	GlobalSection(SolutionConfigurationPlatforms) = preSolution
		Debug|Any CPU = Debug|Any CPU
		Release|Any CPU = Release|Any CPU
	EndGlobalSection
	GlobalSection(ProjectConfigurationPlatforms) = postSolution
		{34D751BD-77E1-D793-B992-AD671B147B99}.Debug|Any CPU.ActiveCfg = Debug|Any CPU
		{34D751BD-77E1-D793-B992-AD671B147B99}.Debug|Any CPU.Build.0 = Debug|Any CPU
		{34D751BD-77E1-D793-B992-AD671B147B99}.Release|Any CPU.ActiveCfg = Release|Any CPU
		{34D751BD-77E1-D793-B992-AD671B147B99}.Release|Any CPU.Build.0 = Release|Any CPU
	EndGlobalSection
	GlobalSection(SolutionProperties) = preSolution
		HideSolutionNode = FALSE
	EndGlobalSection
	GlobalSection(NestedProjects) = preSolution
		{F12727AA-ABEF-07AF-E6F0-CD96E3D9A8AF} = {0AB3BF05-4346-4AA6-1389-037BE0695223}
		{34D751BD-77E1-D793-B992-AD671B147B99} = {F12727AA-ABEF-07AF-E6F0-CD96E3D9A8AF}
	EndGlobalSection
	GlobalSection(ExtensibilityGlobals) = postSolution
		SolutionGuid = {23C4F8D5-3667-46CC-9493-27C4A97E111C}
	EndGlobalSection
EndGlobal
